
Microsoft Visual Studio Solution File, Format Version 12.00
# Visual Studio Version 17
VisualStudioVersion = 17.8.34408.163
MinimumVisualStudioVersion = 10.0.40219.1
Project("{2150E333-8FDC-42A3-9474-1A3956D46DE8}") = "01 kintamieji", "01 kintamieji", "{3147DF07-9F3F-4180-87DF-F1BADE5FE5DA}"
EndProject
Project("{2150E333-8FDC-42A3-9474-1A3956D46DE8}") = "02 isvedimas", "02 isvedimas", "{2711FF5B-A2C0-4FDA-A680-7867D03F2C47}"
EndProject
Project("{2150E333-8FDC-42A3-9474-1A3956D46DE8}") = "TEST", "TEST", "{C29EB9E8-B4FB-43B6-9CEE-8AE31C28DC8E}"
EndProject
Project("{FAE04EC0-301F-11D3-BF4B-00C04F79EFBC}") = "pirmoji_programa", "pirmoji_programa\pirmoji_programa.csproj", "{EEE0FD90-8708-4DF5-BF8E-C268DD0136F0}"
EndProject
Project("{FAE04EC0-301F-11D3-BF4B-00C04F79EFBC}") = "kintamuju_aprasymas", "kintamuju_aprasymas\kintamuju_aprasymas.csproj", "{755EA40D-06BE-4C36-88C9-01D1335F4076}"
EndProject
Project("{FAE04EC0-301F-11D3-BF4B-00C04F79EFBC}") = "uzduotis_1", "uzduotis_1\uzduotis_1.csproj", "{E164A8CD-61D5-4B3B-9C13-F7D2016C17CD}"
EndProject
Project("{FAE04EC0-301F-11D3-BF4B-00C04F79EFBC}") = "namu_darbai_1", "namu_darbai_1\namu_darbai_1.csproj", "{E764B28C-FC06-49AD-AC98-95136CAA4651}"
EndProject
Project("{FAE04EC0-301F-11D3-BF4B-00C04F79EFBC}") = "uzduotis_2", "uzduotis_2\uzduotis_2.csproj", "{F3E7CB27-D966-49F4-BB44-B4FF1A6FF89B}"
EndProject
Project("{FAE04EC0-301F-11D3-BF4B-00C04F79EFBC}") = "aritmetiniai_veiksmai", "aritmetiniai_veiksmai\aritmetiniai_veiksmai.csproj", "{DE1B3DEC-AB04-472C-88F7-44573E994B0A}"
EndProject
Project("{2150E333-8FDC-42A3-9474-1A3956D46DE8}") = "03  Aritmetiniai veiksmai", "03  Aritmetiniai veiksmai", "{AA662A53-A835-4B80-98FA-89F1C7F13B2B}"
EndProject
Project("{2150E333-8FDC-42A3-9474-1A3956D46DE8}") = "Namu darbai", "Namu darbai", "{07F0AE98-10DF-4E30-903C-A402F6610345}"
EndProject
Project("{FAE04EC0-301F-11D3-BF4B-00C04F79EFBC}") = "namu_darbai_2024-01-15", "namu_darbai_2024-01-15\namu_darbai_2024-01-15.csproj", "{A30143F1-5D85-4F62-95B1-624CB225CC88}"
EndProject
Project("{2150E333-8FDC-42A3-9474-1A3956D46DE8}") = "Paskaitos", "Paskaitos", "{3157D653-B623-482D-9527-1A1A18AD74A9}"
EndProject
Project("{FAE04EC0-301F-11D3-BF4B-00C04F79EFBC}") = "2024-01-17", "2024-01-17\2024-01-17.csproj", "{68B351B2-E838-4BE1-8317-6A0423A5FABD}"
EndProject
Project("{FAE04EC0-301F-11D3-BF4B-00C04F79EFBC}") = "namu_darbai_2024-01-17", "namu_darbai_2024-01-17\namu_darbai_2024-01-17.csproj", "{474B1205-D335-400B-BC82-FDCFD6ABB881}"
EndProject
Project("{FAE04EC0-301F-11D3-BF4B-00C04F79EFBC}") = "2023-01-24-FORM", "2023-01-24-FORM\2023-01-24-FORM.csproj", "{B396B189-0766-418B-A237-A3BF056ACEEC}"
EndProject
Project("{FAE04EC0-301F-11D3-BF4B-00C04F79EFBC}") = "2023-01-24-CONSOLE", "2023-01-24-CONSOLE\2023-01-24-CONSOLE.csproj", "{EE0162B8-30F8-4187-9D28-EBADE72AD7AA}"
EndProject
Project("{FAE04EC0-301F-11D3-BF4B-00C04F79EFBC}") = "2023-01-31-console", "2023-01-31-console\2023-01-31-console.csproj", "{D79F45C8-370C-4C9E-97EA-12F430254911}"
EndProject
Project("{FAE04EC0-301F-11D3-BF4B-00C04F79EFBC}") = "2024-02-01_patikrinimas", "2024-02-01_patikrinimas\2024-02-01_patikrinimas.csproj", "{69D42C07-C8EA-4DE0-8DC1-FDB91A116FC5}"
EndProject
Project("{FAE04EC0-301F-11D3-BF4B-00C04F79EFBC}") = "2024_02_07", "2024_02_07\2024_02_07.csproj", "{8AC190A0-EF06-499E-96B8-120924DEC833}"
EndProject
Project("{FAE04EC0-301F-11D3-BF4B-00C04F79EFBC}") = "GIT_paskaita_2024-02-07", "GIT_paskaita_2024-02-07\GIT_paskaita_2024-02-07.csproj", "{9A735650-64F3-4792-8F25-C9E3F415CDC2}"
EndProject
Global
	GlobalSection(SolutionConfigurationPlatforms) = preSolution
		Debug|Any CPU = Debug|Any CPU
		Release|Any CPU = Release|Any CPU
	EndGlobalSection
	GlobalSection(ProjectConfigurationPlatforms) = postSolution
		{EEE0FD90-8708-4DF5-BF8E-C268DD0136F0}.Debug|Any CPU.ActiveCfg = Debug|Any CPU
		{EEE0FD90-8708-4DF5-BF8E-C268DD0136F0}.Debug|Any CPU.Build.0 = Debug|Any CPU
		{EEE0FD90-8708-4DF5-BF8E-C268DD0136F0}.Release|Any CPU.ActiveCfg = Release|Any CPU
		{EEE0FD90-8708-4DF5-BF8E-C268DD0136F0}.Release|Any CPU.Build.0 = Release|Any CPU
		{755EA40D-06BE-4C36-88C9-01D1335F4076}.Debug|Any CPU.ActiveCfg = Debug|Any CPU
		{755EA40D-06BE-4C36-88C9-01D1335F4076}.Debug|Any CPU.Build.0 = Debug|Any CPU
		{755EA40D-06BE-4C36-88C9-01D1335F4076}.Release|Any CPU.ActiveCfg = Release|Any CPU
		{755EA40D-06BE-4C36-88C9-01D1335F4076}.Release|Any CPU.Build.0 = Release|Any CPU
		{E164A8CD-61D5-4B3B-9C13-F7D2016C17CD}.Debug|Any CPU.ActiveCfg = Debug|Any CPU
		{E164A8CD-61D5-4B3B-9C13-F7D2016C17CD}.Debug|Any CPU.Build.0 = Debug|Any CPU
		{E164A8CD-61D5-4B3B-9C13-F7D2016C17CD}.Release|Any CPU.ActiveCfg = Release|Any CPU
		{E164A8CD-61D5-4B3B-9C13-F7D2016C17CD}.Release|Any CPU.Build.0 = Release|Any CPU
		{E764B28C-FC06-49AD-AC98-95136CAA4651}.Debug|Any CPU.ActiveCfg = Debug|Any CPU
		{E764B28C-FC06-49AD-AC98-95136CAA4651}.Debug|Any CPU.Build.0 = Debug|Any CPU
		{E764B28C-FC06-49AD-AC98-95136CAA4651}.Release|Any CPU.ActiveCfg = Release|Any CPU
		{E764B28C-FC06-49AD-AC98-95136CAA4651}.Release|Any CPU.Build.0 = Release|Any CPU
		{F3E7CB27-D966-49F4-BB44-B4FF1A6FF89B}.Debug|Any CPU.ActiveCfg = Debug|Any CPU
		{F3E7CB27-D966-49F4-BB44-B4FF1A6FF89B}.Debug|Any CPU.Build.0 = Debug|Any CPU
		{F3E7CB27-D966-49F4-BB44-B4FF1A6FF89B}.Release|Any CPU.ActiveCfg = Release|Any CPU
		{F3E7CB27-D966-49F4-BB44-B4FF1A6FF89B}.Release|Any CPU.Build.0 = Release|Any CPU
		{DE1B3DEC-AB04-472C-88F7-44573E994B0A}.Debug|Any CPU.ActiveCfg = Debug|Any CPU
		{DE1B3DEC-AB04-472C-88F7-44573E994B0A}.Debug|Any CPU.Build.0 = Debug|Any CPU
		{DE1B3DEC-AB04-472C-88F7-44573E994B0A}.Release|Any CPU.ActiveCfg = Release|Any CPU
		{DE1B3DEC-AB04-472C-88F7-44573E994B0A}.Release|Any CPU.Build.0 = Release|Any CPU
		{A30143F1-5D85-4F62-95B1-624CB225CC88}.Debug|Any CPU.ActiveCfg = Debug|Any CPU
		{A30143F1-5D85-4F62-95B1-624CB225CC88}.Debug|Any CPU.Build.0 = Debug|Any CPU
		{A30143F1-5D85-4F62-95B1-624CB225CC88}.Release|Any CPU.ActiveCfg = Release|Any CPU
		{A30143F1-5D85-4F62-95B1-624CB225CC88}.Release|Any CPU.Build.0 = Release|Any CPU
		{68B351B2-E838-4BE1-8317-6A0423A5FABD}.Debug|Any CPU.ActiveCfg = Debug|Any CPU
		{68B351B2-E838-4BE1-8317-6A0423A5FABD}.Debug|Any CPU.Build.0 = Debug|Any CPU
		{68B351B2-E838-4BE1-8317-6A0423A5FABD}.Release|Any CPU.ActiveCfg = Release|Any CPU
		{68B351B2-E838-4BE1-8317-6A0423A5FABD}.Release|Any CPU.Build.0 = Release|Any CPU
		{474B1205-D335-400B-BC82-FDCFD6ABB881}.Debug|Any CPU.ActiveCfg = Debug|Any CPU
		{474B1205-D335-400B-BC82-FDCFD6ABB881}.Debug|Any CPU.Build.0 = Debug|Any CPU
		{474B1205-D335-400B-BC82-FDCFD6ABB881}.Release|Any CPU.ActiveCfg = Release|Any CPU
		{474B1205-D335-400B-BC82-FDCFD6ABB881}.Release|Any CPU.Build.0 = Release|Any CPU
		{B396B189-0766-418B-A237-A3BF056ACEEC}.Debug|Any CPU.ActiveCfg = Debug|Any CPU
		{B396B189-0766-418B-A237-A3BF056ACEEC}.Debug|Any CPU.Build.0 = Debug|Any CPU
		{B396B189-0766-418B-A237-A3BF056ACEEC}.Release|Any CPU.ActiveCfg = Release|Any CPU
		{B396B189-0766-418B-A237-A3BF056ACEEC}.Release|Any CPU.Build.0 = Release|Any CPU
		{EE0162B8-30F8-4187-9D28-EBADE72AD7AA}.Debug|Any CPU.ActiveCfg = Debug|Any CPU
		{EE0162B8-30F8-4187-9D28-EBADE72AD7AA}.Debug|Any CPU.Build.0 = Debug|Any CPU
		{EE0162B8-30F8-4187-9D28-EBADE72AD7AA}.Release|Any CPU.ActiveCfg = Release|Any CPU
		{EE0162B8-30F8-4187-9D28-EBADE72AD7AA}.Release|Any CPU.Build.0 = Release|Any CPU
		{D79F45C8-370C-4C9E-97EA-12F430254911}.Debug|Any CPU.ActiveCfg = Debug|Any CPU
		{D79F45C8-370C-4C9E-97EA-12F430254911}.Debug|Any CPU.Build.0 = Debug|Any CPU
		{D79F45C8-370C-4C9E-97EA-12F430254911}.Release|Any CPU.ActiveCfg = Release|Any CPU
		{D79F45C8-370C-4C9E-97EA-12F430254911}.Release|Any CPU.Build.0 = Release|Any CPU
		{69D42C07-C8EA-4DE0-8DC1-FDB91A116FC5}.Debug|Any CPU.ActiveCfg = Debug|Any CPU
		{69D42C07-C8EA-4DE0-8DC1-FDB91A116FC5}.Debug|Any CPU.Build.0 = Debug|Any CPU
		{69D42C07-C8EA-4DE0-8DC1-FDB91A116FC5}.Release|Any CPU.ActiveCfg = Release|Any CPU
		{69D42C07-C8EA-4DE0-8DC1-FDB91A116FC5}.Release|Any CPU.Build.0 = Release|Any CPU
		{8AC190A0-EF06-499E-96B8-120924DEC833}.Debug|Any CPU.ActiveCfg = Debug|Any CPU
		{8AC190A0-EF06-499E-96B8-120924DEC833}.Debug|Any CPU.Build.0 = Debug|Any CPU
		{8AC190A0-EF06-499E-96B8-120924DEC833}.Release|Any CPU.ActiveCfg = Release|Any CPU
		{8AC190A0-EF06-499E-96B8-120924DEC833}.Release|Any CPU.Build.0 = Release|Any CPU
		{9A735650-64F3-4792-8F25-C9E3F415CDC2}.Debug|Any CPU.ActiveCfg = Debug|Any CPU
		{9A735650-64F3-4792-8F25-C9E3F415CDC2}.Debug|Any CPU.Build.0 = Debug|Any CPU
		{9A735650-64F3-4792-8F25-C9E3F415CDC2}.Release|Any CPU.ActiveCfg = Release|Any CPU
		{9A735650-64F3-4792-8F25-C9E3F415CDC2}.Release|Any CPU.Build.0 = Release|Any CPU
	EndGlobalSection
	GlobalSection(SolutionProperties) = preSolution
		HideSolutionNode = FALSE
	EndGlobalSection
	GlobalSection(NestedProjects) = preSolution
		{EEE0FD90-8708-4DF5-BF8E-C268DD0136F0} = {3147DF07-9F3F-4180-87DF-F1BADE5FE5DA}
		{755EA40D-06BE-4C36-88C9-01D1335F4076} = {3147DF07-9F3F-4180-87DF-F1BADE5FE5DA}
		{E164A8CD-61D5-4B3B-9C13-F7D2016C17CD} = {2711FF5B-A2C0-4FDA-A680-7867D03F2C47}
		{E764B28C-FC06-49AD-AC98-95136CAA4651} = {2711FF5B-A2C0-4FDA-A680-7867D03F2C47}
		{F3E7CB27-D966-49F4-BB44-B4FF1A6FF89B} = {2711FF5B-A2C0-4FDA-A680-7867D03F2C47}
		{DE1B3DEC-AB04-472C-88F7-44573E994B0A} = {AA662A53-A835-4B80-98FA-89F1C7F13B2B}
		{A30143F1-5D85-4F62-95B1-624CB225CC88} = {07F0AE98-10DF-4E30-903C-A402F6610345}
		{68B351B2-E838-4BE1-8317-6A0423A5FABD} = {3157D653-B623-482D-9527-1A1A18AD74A9}
		{474B1205-D335-400B-BC82-FDCFD6ABB881} = {07F0AE98-10DF-4E30-903C-A402F6610345}
		{B396B189-0766-418B-A237-A3BF056ACEEC} = {3157D653-B623-482D-9527-1A1A18AD74A9}
		{EE0162B8-30F8-4187-9D28-EBADE72AD7AA} = {3157D653-B623-482D-9527-1A1A18AD74A9}
		{D79F45C8-370C-4C9E-97EA-12F430254911} = {3157D653-B623-482D-9527-1A1A18AD74A9}
		{69D42C07-C8EA-4DE0-8DC1-FDB91A116FC5} = {3157D653-B623-482D-9527-1A1A18AD74A9}
		{8AC190A0-EF06-499E-96B8-120924DEC833} = {3157D653-B623-482D-9527-1A1A18AD74A9}
		{9A735650-64F3-4792-8F25-C9E3F415CDC2} = {3157D653-B623-482D-9527-1A1A18AD74A9}
	EndGlobalSection
	GlobalSection(ExtensibilityGlobals) = postSolution
		SolutionGuid = {D6B01CED-CF42-4CCF-A2EF-F1AC72233594}
	EndGlobalSection
EndGlobal
